{
  "name": "test-prepush",
  "version": "1.0.0",
  "lockfileVersion": 3,
  "requires": true,
  "packages": {
    "": {
      "name": "test-prepush",
      "version": "1.0.0",
      "license": "ISC",
      "dependencies": {
        "entri-pre-push": "file:../entri-pre-push"
      }
    },
    "../entri-pre-push": {
      "version": "1.0.0",
      "hasInstallScript": true,
      "license": "MIT",
      "bin": {
        "entri-pre-push": "bin/setup.js"
      }
    },
    "node_modules/entri-pre-push": {
      "resolved": "../entri-pre-push",
      "link": true
    }
  }
}
