{
  "name": "test-prepush",
  "version": "1.0.0",
  "lockfileVersion": 3,
  "requires": true,
  "packages": {
    "": {
      "name": "test-prepush",
      "version": "1.0.0",
      "license": "ISC",
      "devDependencies": {
        "entri-pre-push": "^1.0.0"
      }
    },
    "../entri-pre-push": {
      "version": "1.0.0",
      "extraneous": true,
      "hasInstallScript": true,
      "license": "MIT",
      "bin": {
        "entri-pre-push": "bin/setup.js"
      }
    },
    "node_modules/entri-pre-push": {
      "version": "1.0.0",
      "resolved": "https://registry.npmjs.org/entri-pre-push/-/entri-pre-push-1.0.0.tgz",
      "integrity": "sha512-bpq6v2NEyXvLjiuALOfPr1haEJISuqWy2ubvfJFFWHqflSTenRmN+tAPVJreMClmohZ6p/IwVXVsQyb8PuEWDA==",
      "dev": true,
      "hasInstallScript": true,
      "license": "MIT",
      "bin": {
        "entri-pre-push": "bin/setup.js"
      }
    }
  }
}
